Microsoft Visual Studio Solution File, Format Version 12.00
# Visual Studio Version 17
VisualStudioVersion = 17.5.2.0
MinimumVisualStudioVersion = 10.0.40219.1
Project("{2150E333-8FDC-42A3-9474-1A3956D46DE8}") = "backend", "backend", "{1AE8ACA6-933B-BF2A-3671-3E2EAC007D16}"
EndProject
Project("{FAE04EC0-301F-11D3-BF4B-00C04F79EFBC}") = "AgriPredict.API", "backend\AgriPredict.API\AgriPredict.API.csproj", "{EF928EB1-3404-8F51-5B25-863E3AC4B56B}"
EndProject
Global
	GlobalSection(SolutionConfigurationPlatforms) = preSolution
		Debug|Any CPU = Debug|Any CPU
		Release|Any CPU = Release|Any CPU
	EndGlobalSection
	GlobalSection(ProjectConfigurationPlatforms) = postSolution
		{EF928EB1-3404-8F51-5B25-863E3AC4B56B}.Debug|Any CPU.ActiveCfg = Debug|Any CPU
		{EF928EB1-3404-8F51-5B25-863E3AC4B56B}.Debug|Any CPU.Build.0 = Debug|Any CPU
		{EF928EB1-3404-8F51-5B25-863E3AC4B56B}.Release|Any CPU.ActiveCfg = Release|Any CPU
		{EF928EB1-3404-8F51-5B25-863E3AC4B56B}.Release|Any CPU.Build.0 = Release|Any CPU
	EndGlobalSection
	GlobalSection(SolutionProperties) = preSolution
		HideSolutionNode = FALSE
	EndGlobalSection
	GlobalSection(NestedProjects) = preSolution
		{EF928EB1-3404-8F51-5B25-863E3AC4B56B} = {1AE8ACA6-933B-BF2A-3671-3E2EAC007D16}
	EndGlobalSection
	GlobalSection(ExtensibilityGlobals) = postSolution
		SolutionGuid = {FED0D217-0A78-45FF-A922-7041E7AC531E}
	EndGlobalSection
EndGlobal
